
Microsoft Visual Studio Solution File, Format Version 12.00
# Visual Studio 15
VisualStudioVersion = 15.0.27703.1
MinimumVisualStudioVersion = 10.0.40219.1
Project("{FAE04EC0-301F-11D3-BF4B-00C04F79EFBC}") = "Esercizio1", "TestFinaleDragos\Esercizio1.csproj", "{2AC35A60-639E-449F-AD48-CD6FE808ABAE}"
EndProject
Project("{FAE04EC0-301F-11D3-BF4B-00C04F79EFBC}") = "Esercizio2", "Esercizio2\Esercizio2.csproj", "{AFA20B77-A86F-4EE9-B991-15B8B0EDEF04}"
EndProject
Project("{FAE04EC0-301F-11D3-BF4B-00C04F79EFBC}") = "Esercizio3", "Esercizio3\Esercizio3.csproj", "{682A3410-6011-4ADD-9B15-3E28A43E564C}"
EndProject
Global
	GlobalSection(SolutionConfigurationPlatforms) = preSolution
		Debug|Any CPU = Debug|Any CPU
		Release|Any CPU = Release|Any CPU
	EndGlobalSection
	GlobalSection(ProjectConfigurationPlatforms) = postSolution
		{2AC35A60-639E-449F-AD48-CD6FE808ABAE}.Debug|Any CPU.ActiveCfg = Debug|Any CPU
		{2AC35A60-639E-449F-AD48-CD6FE808ABAE}.Debug|Any CPU.Build.0 = Debug|Any CPU
		{2AC35A60-639E-449F-AD48-CD6FE808ABAE}.Release|Any CPU.ActiveCfg = Release|Any CPU
		{2AC35A60-639E-449F-AD48-CD6FE808ABAE}.Release|Any CPU.Build.0 = Release|Any CPU
		{AFA20B77-A86F-4EE9-B991-15B8B0EDEF04}.Debug|Any CPU.ActiveCfg = Debug|Any CPU
		{AFA20B77-A86F-4EE9-B991-15B8B0EDEF04}.Debug|Any CPU.Build.0 = Debug|Any CPU
		{AFA20B77-A86F-4EE9-B991-15B8B0EDEF04}.Release|Any CPU.ActiveCfg = Release|Any CPU
		{AFA20B77-A86F-4EE9-B991-15B8B0EDEF04}.Release|Any CPU.Build.0 = Release|Any CPU
		{682A3410-6011-4ADD-9B15-3E28A43E564C}.Debug|Any CPU.ActiveCfg = Debug|Any CPU
		{682A3410-6011-4ADD-9B15-3E28A43E564C}.Debug|Any CPU.Build.0 = Debug|Any CPU
		{682A3410-6011-4ADD-9B15-3E28A43E564C}.Release|Any CPU.ActiveCfg = Release|Any CPU
		{682A3410-6011-4ADD-9B15-3E28A43E564C}.Release|Any CPU.Build.0 = Release|Any CPU
	EndGlobalSection
	GlobalSection(SolutionProperties) = preSolution
		HideSolutionNode = FALSE
	EndGlobalSection
	GlobalSection(ExtensibilityGlobals) = postSolution
		SolutionGuid = {18B4CA8C-68D6-4577-9702-C6DA6D212D0E}
	EndGlobalSection
EndGlobal
